
Microsoft Visual Studio Solution File, Format Version 9.00
# Visual Studio 2005
Project("{FAE04EC0-301F-11D3-BF4B-00C04F79EFBC}") = "ASPNetImage", "ASPNetImage.csproj", "{B56B76E7-0BF9-4439-8AEB-91C6709628C5}"
	ProjectSection(WebsiteProperties) = preProject
		Debug.AspNetCompiler.Debug = "True"
		Release.AspNetCompiler.Debug = "False"
	EndProjectSection
EndProject
Global
	GlobalSection(SolutionConfigurationPlatforms) = preSolution
		Debug|Any CPU = Debug|Any CPU
		Release|Any CPU = Release|Any CPU
	EndGlobalSection
	GlobalSection(ProjectConfigurationPlatforms) = postSolution
		{B56B76E7-0BF9-4439-8AEB-91C6709628C5}.Debug|Any CPU.ActiveCfg = Debug|Any CPU
		{B56B76E7-0BF9-4439-8AEB-91C6709628C5}.Debug|Any CPU.Build.0 = Debug|Any CPU
		{B56B76E7-0BF9-4439-8AEB-91C6709628C5}.Release|Any CPU.ActiveCfg = Release|Any CPU
		{B56B76E7-0BF9-4439-8AEB-91C6709628C5}.Release|Any CPU.Build.0 = Release|Any CPU
	EndGlobalSection
	GlobalSection(SolutionProperties) = preSolution
		HideSolutionNode = FALSE
	EndGlobalSection
EndGlobal
